
Microsoft Visual Studio Solution File, Format Version 12.00
# Visual Studio 15
VisualStudioVersion = 15.0.28307.168
MinimumVisualStudioVersion = 10.0.40219.1
Project("{FAE04EC0-301F-11D3-BF4B-00C04F79EFBC}") = "MailSender", "MailSender\MailSender.csproj", "{4B01D6C4-BCA1-4410-AE44-C04D6CDB6282}"
EndProject
Project("{FAE04EC0-301F-11D3-BF4B-00C04F79EFBC}") = "MailSender.lib", "MailSender.lib\MailSender.lib.csproj", "{4751D586-CC94-4AAA-B791-FB4A1FCB68C2}"
EndProject
Global
	GlobalSection(SolutionConfigurationPlatforms) = preSolution
		Debug|Any CPU = Debug|Any CPU
		Release|Any CPU = Release|Any CPU
	EndGlobalSection
	GlobalSection(ProjectConfigurationPlatforms) = postSolution
		{4B01D6C4-BCA1-4410-AE44-C04D6CDB6282}.Debug|Any CPU.ActiveCfg = Debug|Any CPU
		{4B01D6C4-BCA1-4410-AE44-C04D6CDB6282}.Debug|Any CPU.Build.0 = Debug|Any CPU
		{4B01D6C4-BCA1-4410-AE44-C04D6CDB6282}.Release|Any CPU.ActiveCfg = Release|Any CPU
		{4B01D6C4-BCA1-4410-AE44-C04D6CDB6282}.Release|Any CPU.Build.0 = Release|Any CPU
		{4751D586-CC94-4AAA-B791-FB4A1FCB68C2}.Debug|Any CPU.ActiveCfg = Debug|Any CPU
		{4751D586-CC94-4AAA-B791-FB4A1FCB68C2}.Debug|Any CPU.Build.0 = Debug|Any CPU
		{4751D586-CC94-4AAA-B791-FB4A1FCB68C2}.Release|Any CPU.ActiveCfg = Release|Any CPU
		{4751D586-CC94-4AAA-B791-FB4A1FCB68C2}.Release|Any CPU.Build.0 = Release|Any CPU
	EndGlobalSection
	GlobalSection(SolutionProperties) = preSolution
		HideSolutionNode = FALSE
	EndGlobalSection
	GlobalSection(ExtensibilityGlobals) = postSolution
		SolutionGuid = {3023F3C2-804D-408E-A82F-34FABBF24FD1}
	EndGlobalSection
EndGlobal
